
Microsoft Visual Studio Solution File, Format Version 12.00
# Visual Studio Version 17
VisualStudioVersion = 17.8.34525.116
MinimumVisualStudioVersion = 10.0.40219.1
Project("{FAE04EC0-301F-11D3-BF4B-00C04F79EFBC}") = "DesignPatternsTests", "DesignPatternsTests\DesignPatternsTests.csproj", "{C3449632-B885-433A-A727-810383FABEEE}"
EndProject
Global
	GlobalSection(SolutionConfigurationPlatforms) = preSolution
		Debug|Any CPU = Debug|Any CPU
		Release|Any CPU = Release|Any CPU
	EndGlobalSection
	GlobalSection(ProjectConfigurationPlatforms) = postSolution
		{C3449632-B885-433A-A727-810383FABEEE}.Debug|Any CPU.ActiveCfg = Debug|Any CPU
		{C3449632-B885-433A-A727-810383FABEEE}.Debug|Any CPU.Build.0 = Debug|Any CPU
		{C3449632-B885-433A-A727-810383FABEEE}.Release|Any CPU.ActiveCfg = Release|Any CPU
		{C3449632-B885-433A-A727-810383FABEEE}.Release|Any CPU.Build.0 = Release|Any CPU
	EndGlobalSection
	GlobalSection(SolutionProperties) = preSolution
		HideSolutionNode = FALSE
	EndGlobalSection
	GlobalSection(ExtensibilityGlobals) = postSolution
		SolutionGuid = {3C50EC44-136C-41A8-9997-DE2944C708D8}
	EndGlobalSection
EndGlobal
